{
  "name": "Frontend",
  "lockfileVersion": 3,
  "requires": true,
  "packages": {
    "": {
      "dependencies": {
        "@d-id/client-sdk": "^1.0.19-beta.122"
      }
    },
    "node_modules/@d-id/client-sdk": {
      "version": "1.0.19-beta.122",
      "resolved": "https://registry.npmjs.org/@d-id/client-sdk/-/client-sdk-1.0.19-beta.122.tgz",
      "integrity": "sha512-PrfDe4EFdpEyhOpemO7BmvwoDdeY5JvDZRYQsVkPNUMziHiwJy2Zzagh5lYR5bmOnaLccZKopqh0BOYVy2p/YQ==",
      "license": "MIT"
    }
  }
}
